
Microsoft Visual Studio Solution File, Format Version 12.00
# Visual Studio 2012
Project("{F2A71F9B-5D33-465A-A702-920D77279786}") = "ping your boss", "ping your boss\ping your boss.fsproj", "{11600CE0-4C30-49CF-A768-FF759A0486C7}"
EndProject
Global
	GlobalSection(SolutionConfigurationPlatforms) = preSolution
		Debug|Any CPU = Debug|Any CPU
		Release|Any CPU = Release|Any CPU
	EndGlobalSection
	GlobalSection(ProjectConfigurationPlatforms) = postSolution
		{11600CE0-4C30-49CF-A768-FF759A0486C7}.Debug|Any CPU.ActiveCfg = Debug|Any CPU
		{11600CE0-4C30-49CF-A768-FF759A0486C7}.Debug|Any CPU.Build.0 = Debug|Any CPU
		{11600CE0-4C30-49CF-A768-FF759A0486C7}.Release|Any CPU.ActiveCfg = Release|Any CPU
		{11600CE0-4C30-49CF-A768-FF759A0486C7}.Release|Any CPU.Build.0 = Release|Any CPU
	EndGlobalSection
	GlobalSection(SolutionProperties) = preSolution
		HideSolutionNode = FALSE
	EndGlobalSection
EndGlobal
